// !$*UTF8*$!
{
	archiveVersion = 1;
	classes = {
	};
	objectVersion = 46;
	objects = {

/* Begin PBXBuildFile section */
		6ACDD5101E0AF6EB00B2BC32 /* AppDelegate.swift in Sources */ = {isa = PBXBuildFile; fileRef = 6ACDD50F1E0AF6EB00B2BC32 /* AppDelegate.swift */; };
		6ACDD5121E0AF6EB00B2BC32 /* ViewController.swift in Sources */ = {isa = PBXBuildFile; fileRef = 6ACDD5111E0AF6EB00B2BC32 /* ViewController.swift */; };
		6ACDD5151E0AF6EB00B2BC32 /* Main.storyboard in Resources */ = {isa = PBXBuildFile; fileRef = 6ACDD5131E0AF6EB00B2BC32 /* Main.storyboard */; };
		6ACDD5181E0AF6EB00B2BC32 /* AlgotimoKnn.xcdatamodeld in Sources */ = {isa = PBXBuildFile; fileRef = 6ACDD5161E0AF6EB00B2BC32 /* AlgotimoKnn.xcdatamodeld */; };
		6ACDD51A1E0AF6EB00B2BC32 /* Assets.xcassets in Resources */ = {isa = PBXBuildFile; fileRef = 6ACDD5191E0AF6EB00B2BC32 /* Assets.xcassets */; };
		6ACDD51D1E0AF6EB00B2BC32 /* LaunchScreen.storyboard in Resources */ = {isa = PBXBuildFile; fileRef = 6ACDD51B1E0AF6EB00B2BC32 /* LaunchScreen.storyboard */; };
		6ACDD5251E0AF74F00B2BC32 /* Flor.swift in Sources */ = {isa = PBXBuildFile; fileRef = 6ACDD5241E0AF74F00B2BC32 /* Flor.swift */; };
		6ACDD5291E0B020400B2BC32 /* iris.txt in Resources */ = {isa = PBXBuildFile; fileRef = 6ACDD5281E0B020400B2BC32 /* iris.txt */; };
/* End PBXBuildFile section */

/* Begin PBXFileReference section */
		6ACDD50C1E0AF6EB00B2BC32 /* AlgotimoKnn.app */ = {isa = PBXFileReference; explicitFileType = wrapper.application; includeInIndex = 0; path = AlgotimoKnn.app; sourceTree = BUILT_PRODUCTS_DIR; };
		6ACDD50F1E0AF6EB00B2BC32 /* AppDelegate.swift */ = {isa = PBXFileReference; lastKnownFileType = sourcecode.swift; path = AppDelegate.swift; sourceTree = "<group>"; };
		6ACDD5111E0AF6EB00B2BC32 /* ViewController.swift */ = {isa = PBXFileReference; lastKnownFileType = sourcecode.swift; path = ViewController.swift; sourceTree = "<group>"; };
		6ACDD5141E0AF6EB00B2BC32 /* Base */ = {isa = PBXFileReference; lastKnownFileType = file.storyboard; name = Base; path = Base.lproj/Main.storyboard; sourceTree = "<group>"; };
		6ACDD5171E0AF6EB00B2BC32 /* AlgotimoKnn.xcdatamodel */ = {isa = PBXFileReference; lastKnownFileType = wrapper.xcdatamodel; path = AlgotimoKnn.xcdatamodel; sourceTree = "<group>"; };
		6ACDD5191E0AF6EB00B2BC32 /* Assets.xcassets */ = {isa = PBXFileReference; lastKnownFileType = folder.assetcatalog; path = Assets.xcassets; sourceTree = "<group>"; };
		6ACDD51C1E0AF6EB00B2BC32 /* Base */ = {isa = PBXFileReference; lastKnownFileType = file.storyboard; name = Base; path = Base.lproj/LaunchScreen.storyboard; sourceTree = "<group>"; };
		6ACDD51E1E0AF6EB00B2BC32 /* Info.plist */ = {isa = PBXFileReference; lastKnownFileType = text.plist.xml; path = Info.plist; sourceTree = "<group>"; };
		6ACDD5241E0AF74F00B2BC32 /* Flor.swift */ = {isa = PBXFileReference; fileEncoding = 4; lastKnownFileType = sourcecode.swift; path = Flor.swift; sourceTree = "<group>"; };
		6ACDD5281E0B020400B2BC32 /* iris.txt */ = {isa = PBXFileReference; fileEncoding = 4; lastKnownFileType = text; path = iris.txt; sourceTree = "<group>"; };
/* End PBXFileReference section */

/* Begin PBXFrameworksBuildPhase section */
		6ACDD5091E0AF6EA00B2BC32 /* Frameworks */ = {
			isa = PBXFrameworksBuildPhase;
			buildActionMask = 2147483647;
			files = (
			);
			runOnlyForDeploymentPostprocessing = 0;
		};
/* End PBXFrameworksBuildPhase section */

/* Begin PBXGroup section */
		6ACDD5031E0AF6EA00B2BC32 = {
			isa = PBXGroup;
			children = (
				6ACDD50E1E0AF6EB00B2BC32 /* AlgotimoKnn */,
				6ACDD50D1E0AF6EB00B2BC32 /* Products */,
			);
			sourceTree = "<group>";
		};
		6ACDD50D1E0AF6EB00B2BC32 /* Products */ = {
			isa = PBXGroup;
			children = (
				6ACDD50C1E0AF6EB00B2BC32 /* AlgotimoKnn.app */,
			);
			name = Products;
			sourceTree = "<group>";
		};
		6ACDD50E1E0AF6EB00B2BC32 /* AlgotimoKnn */ = {
			isa = PBXGroup;
			children = (
				6ACDD50F1E0AF6EB00B2BC32 /* AppDelegate.swift */,
				6ACDD5111E0AF6EB00B2BC32 /* ViewController.swift */,
				6ACDD5241E0AF74F00B2BC32 /* Flor.swift */,
				6ACDD5281E0B020400B2BC32 /* iris.txt */,
				6ACDD5131E0AF6EB00B2BC32 /* Main.storyboard */,
				6ACDD5191E0AF6EB00B2BC32 /* Assets.xcassets */,
				6ACDD51B1E0AF6EB00B2BC32 /* LaunchScreen.storyboard */,
				6ACDD51E1E0AF6EB00B2BC32 /* Info.plist */,
				6ACDD5161E0AF6EB00B2BC32 /* AlgotimoKnn.xcdatamodeld */,
			);
			path = AlgotimoKnn;
			sourceTree = "<group>";
		};
/* End PBXGroup section */

/* Begin PBXNativeTarget section */
		6ACDD50B1E0AF6EA00B2BC32 /* AlgotimoKnn */ = {
			isa = PBXNativeTarget;
			buildConfigurationList = 6ACDD5211E0AF6EB00B2BC32 /* Build configuration list for PBXNativeTarget "AlgotimoKnn" */;
			buildPhases = (
				6ACDD5081E0AF6EA00B2BC32 /* Sources */,
				6ACDD5091E0AF6EA00B2BC32 /* Frameworks */,
				6ACDD50A1E0AF6EA00B2BC32 /* Resources */,
			);
			buildRules = (
			);
			dependencies = (
			);
			name = AlgotimoKnn;
			productName = AlgotimoKnn;
			productReference = 6ACDD50C1E0AF6EB00B2BC32 /* AlgotimoKnn.app */;
			productType = "com.apple.product-type.application";
		};
/* End PBXNativeTarget section */

/* Begin PBXProject section */
		6ACDD5041E0AF6EA00B2BC32 /* Project object */ = {
			isa = PBXProject;
			attributes = {
				LastSwiftUpdateCheck = 0820;
				LastUpgradeCheck = 0820;
				ORGANIZATIONNAME = "Tiago Queiroz";
				TargetAttributes = {
					6ACDD50B1E0AF6EA00B2BC32 = {
						CreatedOnToolsVersion = 8.2;
						DevelopmentTeam = Q922D8LNNZ;
						ProvisioningStyle = Automatic;
					};
				};
			};
			buildConfigurationList = 6ACDD5071E0AF6EA00B2BC32 /* Build configuration list for PBXProject "AlgotimoKnn" */;
			compatibilityVersion = "Xcode 3.2";
			developmentRegion = English;
			hasScannedForEncodings = 0;
			knownRegions = (
				en,
				Base,
			);
			mainGroup = 6ACDD5031E0AF6EA00B2BC32;
			productRefGroup = 6ACDD50D1E0AF6EB00B2BC32 /* Products */;
			projectDirPath = "";
			projectRoot = "";
			targets = (
				6ACDD50B1E0AF6EA00B2BC32 /* AlgotimoKnn */,
			);
		};
/* End PBXProject section */

/* Begin PBXResourcesBuildPhase section */
		6ACDD50A1E0AF6EA00B2BC32 /* Resources */ = {
			isa = PBXResourcesBuildPhase;
			buildActionMask = 2147483647;
			files = (
				6ACDD51D1E0AF6EB00B2BC32 /* LaunchScreen.storyboard in Resources */,
				6ACDD5291E0B020400B2BC32 /* iris.txt in Resources */,
				6ACDD51A1E0AF6EB00B2BC32 /* Assets.xcassets in Resources */,
				6ACDD5151E0AF6EB00B2BC32 /* Main.storyboard in Resources */,
			);
			runOnlyForDeploymentPostprocessing = 0;
		};
/* End PBXResourcesBuildPhase section */

/* Begin PBXSourcesBuildPhase section */
		6ACDD5081E0AF6EA00B2BC32 /* Sources */ = {
			isa = PBXSourcesBuildPhase;
			buildActionMask = 2147483647;
			files = (
				6ACDD5251E0AF74F00B2BC32 /* Flor.swift in Sources */,
				6ACDD5121E0AF6EB00B2BC32 /* ViewController.swift in Sources */,
				6ACDD5101E0AF6EB00B2BC32 /* AppDelegate.swift in Sources */,
				6ACDD5181E0AF6EB00B2BC32 /* AlgotimoKnn.xcdatamodeld in Sources */,
			);
			runOnlyForDeploymentPostprocessing = 0;
		};
/* End PBXSourcesBuildPhase section */

/* Begin PBXVariantGroup section */
		6ACDD5131E0AF6EB00B2BC32 /* Main.storyboard */ = {
			isa = PBXVariantGroup;
			children = (
				6ACDD5141E0AF6EB00B2BC32 /* Base */,
			);
			name = Main.storyboard;
			sourceTree = "<group>";
		};
		6ACDD51B1E0AF6EB00B2BC32 /* LaunchScreen.storyboard */ = {
			isa = PBXVariantGroup;
			children = (
				6ACDD51C1E0AF6EB00B2BC32 /* Base */,
			);
			name = LaunchScreen.storyboard;
			sourceTree = "<group>";
		};
/* End PBXVariantGroup section */

/* Begin XCBuildConfiguration section */
		6ACDD51F1E0AF6EB00B2BC32 /* Debug */ = {
			isa = XCBuildConfiguration;
			buildSettings = {
				ALWAYS_SEARCH_USER_PATHS = NO;
				CLANG_ANALYZER_NONNULL = YES;
				CLANG_CXX_LANGUAGE_STANDARD = "gnu++0x";
				CLANG_CXX_LIBRARY = "libc++";
				CLANG_ENABLE_MODULES = YES;
				CLANG_ENABLE_OBJC_ARC = YES;
				CLANG_WARN_BOOL_CONVERSION = YES;
				CLANG_WARN_CONSTANT_CONVERSION = YES;
				CLANG_WARN_DIRECT_OBJC_ISA_USAGE = YES_ERROR;
				CLANG_WARN_DOCUMENTATION_COMMENTS = YES;
				CLANG_WARN_EMPTY_BODY = YES;
				CLANG_WARN_ENUM_CONVERSION = YES;
				CLANG_WARN_INFINITE_RECURSION = YES;
				CLANG_WARN_INT_CONVERSION = YES;
				CLANG_WARN_OBJC_ROOT_CLASS = YES_ERROR;
				CLANG_WARN_SUSPICIOUS_MOVE = YES;
				CLANG_WARN_UNREACHABLE_CODE = YES;
				CLANG_WARN__DUPLICATE_METHOD_MATCH = YES;
				"CODE_SIGN_IDENTITY[sdk=iphoneos*]" = "iPhone Developer";
				COPY_PHASE_STRIP = NO;
				DEBUG_INFORMATION_FORMAT = dwarf;
				ENABLE_STRICT_OBJC_MSGSEND = YES;
				ENABLE_TESTABILITY = YES;
				GCC_C_LANGUAGE_STANDARD = gnu99;
				GCC_DYNAMIC_NO_PIC = NO;
				GCC_NO_COMMON_BLOCKS = YES;
				GCC_OPTIMIZATION_LEVEL = 0;
				GCC_PREPROCESSOR_DEFINITIONS = (
					"DEBUG=1",
					"$(inherited)",
				);
				GCC_WARN_64_TO_32_BIT_CONVERSION = YES;
				GCC_WARN_ABOUT_RETURN_TYPE = YES_ERROR;
				GCC_WARN_UNDECLARED_SELECTOR = YES;
				GCC_WARN_UNINITIALIZED_AUTOS = YES_AGGRESSIVE;
				GCC_WARN_UNUSED_FUNCTION = YES;
				GCC_WARN_UNUSED_VARIABLE = YES;
				IPHONEOS_DEPLOYMENT_TARGET = 10.2;
				MTL_ENABLE_DEBUG_INFO = YES;
				ONLY_ACTIVE_ARCH = YES;
				SDKROOT = iphoneos;
				SWIFT_ACTIVE_COMPILATION_CONDITIONS = DEBUG;
				SWIFT_OPTIMIZATION_LEVEL = "-Onone";
				TARGETED_DEVICE_FAMILY = "1,2";
			};
			name = Debug;
		};
		6ACDD5201E0AF6EB00B2BC32 /* Release */ = {
			isa = XCBuildConfiguration;
			buildSettings = {
				ALWAYS_SEARCH_USER_PATHS = NO;
				CLANG_ANALYZER_NONNULL = YES;
				CLANG_CXX_LANGUAGE_STANDARD = "gnu++0x";
				CLANG_CXX_LIBRARY = "libc++";
				CLANG_ENABLE_MODULES = YES;
				CLANG_ENABLE_OBJC_ARC = YES;
				CLANG_WARN_BOOL_CONVERSION = YES;
				CLANG_WARN_CONSTANT_CONVERSION = YES;
				CLANG_WARN_DIRECT_OBJC_ISA_USAGE = YES_ERROR;
				CLANG_WARN_DOCUMENTATION_COMMENTS = YES;
				CLANG_WARN_EMPTY_BODY = YES;
				CLANG_WARN_ENUM_CONVERSION = YES;
				CLANG_WARN_INFINITE_RECURSION = YES;
				CLANG_WARN_INT_CONVERSION = YES;
				CLANG_WARN_OBJC_ROOT_CLASS = YES_ERROR;
				CLANG_WARN_SUSPICIOUS_MOVE = YES;
				CLANG_WARN_UNREACHABLE_CODE = YES;
				CLANG_WARN__DUPLICATE_METHOD_MATCH = YES;
				"CODE_SIGN_IDENTITY[sdk=iphoneos*]" = "iPhone Developer";
				COPY_PHASE_STRIP = NO;
				DEBUG_INFORMATION_FORMAT = "dwarf-with-dsym";
				ENABLE_NS_ASSERTIONS = NO;
				ENABLE_STRICT_OBJC_MSGSEND = YES;
				GCC_C_LANGUAGE_STANDARD = gnu99;
				GCC_NO_COMMON_BLOCKS = YES;
				GCC_WARN_64_TO_32_BIT_CONVERSION = YES;
				GCC_WARN_ABOUT_RETURN_TYPE = YES_ERROR;
				GCC_WARN_UNDECLARED_SELECTOR = YES;
				GCC_WARN_UNINITIALIZED_AUTOS = YES_AGGRESSIVE;
				GCC_WARN_UNUSED_FUNCTION = YES;
				GCC_WARN_UNUSED_VARIABLE = YES;
				IPHONEOS_DEPLOYMENT_TARGET = 10.2;
				MTL_ENABLE_DEBUG_INFO = NO;
				SDKROOT = iphoneos;
				SWIFT_OPTIMIZATION_LEVEL = "-Owholemodule";
				TARGETED_DEVICE_FAMILY = "1,2";
				VALIDATE_PRODUCT = YES;
			};
			name = Release;
		};
		6ACDD5221E0AF6EB00B2BC32 /* Debug */ = {
			isa = XCBuildConfiguration;
			buildSettings = {
				ASSETCATALOG_COMPILER_APPICON_NAME = AppIcon;
				DEVELOPMENT_TEAM = Q922D8LNNZ;
				INFOPLIST_FILE = AlgotimoKnn/Info.plist;
				LD_RUNPATH_SEARCH_PATHS = "$(inherited) @executable_path/Frameworks";
				PRODUCT_BUNDLE_IDENTIFIER = tiago.AlgotimoKnn;
				PRODUCT_NAME = "$(TARGET_NAME)";
				SWIFT_VERSION = 3.0;
			};
			name = Debug;
		};
		6ACDD5231E0AF6EB00B2BC32 /* Release */ = {
			isa = XCBuildConfiguration;
			buildSettings = {
				ASSETCATALOG_COMPILER_APPICON_NAME = AppIcon;
				DEVELOPMENT_TEAM = Q922D8LNNZ;
				INFOPLIST_FILE = AlgotimoKnn/Info.plist;
				LD_RUNPATH_SEARCH_PATHS = "$(inherited) @executable_path/Frameworks";
				PRODUCT_BUNDLE_IDENTIFIER = tiago.AlgotimoKnn;
				PRODUCT_NAME = "$(TARGET_NAME)";
				SWIFT_VERSION = 3.0;
			};
			name = Release;
		};
/* End XCBuildConfiguration section */

/* Begin XCConfigurationList section */
		6ACDD5071E0AF6EA00B2BC32 /* Build configuration list for PBXProject "AlgotimoKnn" */ = {
			isa = XCConfigurationList;
			buildConfigurations = (
				6ACDD51F1E0AF6EB00B2BC32 /* Debug */,
				6ACDD5201E0AF6EB00B2BC32 /* Release */,
			);
			defaultConfigurationIsVisible = 0;
			defaultConfigurationName = Release;
		};
		6ACDD5211E0AF6EB00B2BC32 /* Build configuration list for PBXNativeTarget "AlgotimoKnn" */ = {
			isa = XCConfigurationList;
			buildConfigurations = (
				6ACDD5221E0AF6EB00B2BC32 /* Debug */,
				6ACDD5231E0AF6EB00B2BC32 /* Release */,
			);
			defaultConfigurationIsVisible = 0;
		};
/* End XCConfigurationList section */

/* Begin XCVersionGroup section */
		6ACDD5161E0AF6EB00B2BC32 /* AlgotimoKnn.xcdatamodeld */ = {
			isa = XCVersionGroup;
			children = (
				6ACDD5171E0AF6EB00B2BC32 /* AlgotimoKnn.xcdatamodel */,
			);
			currentVersion = 6ACDD5171E0AF6EB00B2BC32 /* AlgotimoKnn.xcdatamodel */;
			path = AlgotimoKnn.xcdatamodeld;
			sourceTree = "<group>";
			versionGroupType = wrapper.xcdatamodel;
		};
/* End XCVersionGroup section */
	};
	rootObject = 6ACDD5041E0AF6EA00B2BC32 /* Project object */;
}
